
Microsoft Visual Studio Solution File, Format Version 12.00
# Visual Studio Version 16
VisualStudioVersion = 16.0.30717.126
MinimumVisualStudioVersion = 10.0.40219.1
Project("{FAE04EC0-301F-11D3-BF4B-00C04F79EFBC}") = "VMongo", "VMongo\VMongo.csproj", "{EBB17561-2991-4A6E-9ACB-F9C91578CD21}"
EndProject
Global
	GlobalSection(SolutionConfigurationPlatforms) = preSolution
		Debug|Any CPU = Debug|Any CPU
		Release|Any CPU = Release|Any CPU
	EndGlobalSection
	GlobalSection(ProjectConfigurationPlatforms) = postSolution
		{EBB17561-2991-4A6E-9ACB-F9C91578CD21}.Debug|Any CPU.ActiveCfg = Debug|Any CPU
		{EBB17561-2991-4A6E-9ACB-F9C91578CD21}.Debug|Any CPU.Build.0 = Debug|Any CPU
		{EBB17561-2991-4A6E-9ACB-F9C91578CD21}.Release|Any CPU.ActiveCfg = Release|Any CPU
		{EBB17561-2991-4A6E-9ACB-F9C91578CD21}.Release|Any CPU.Build.0 = Release|Any CPU
	EndGlobalSection
	GlobalSection(SolutionProperties) = preSolution
		HideSolutionNode = FALSE
	EndGlobalSection
	GlobalSection(ExtensibilityGlobals) = postSolution
		SolutionGuid = {D6A4CD5A-D5CA-4F6F-8A16-A1C494037D68}
	EndGlobalSection
EndGlobal
